// !$*UTF8*$!
{
	archiveVersion = 1;
	classes = {
	};
	objectVersion = 56;
	objects = {

/* Begin PBXBuildFile section */
		9C63A1D12ADE9FC90054F61D /* YodaAIApp.swift in Sources */ = {isa = PBXBuildFile; fileRef = 9C63A1D02ADE9FC90054F61D /* YodaAIApp.swift */; };
		9C63A1D32ADE9FC90054F61D /* ContentView.swift in Sources */ = {isa = PBXBuildFile; fileRef = 9C63A1D22ADE9FC90054F61D /* ContentView.swift */; };
		9C63A1D52ADE9FCB0054F61D /* Assets.xcassets in Resources */ = {isa = PBXBuildFile; fileRef = 9C63A1D42ADE9FCB0054F61D /* Assets.xcassets */; };
		9C63A1D82ADE9FCB0054F61D /* Preview Assets.xcassets in Resources */ = {isa = PBXBuildFile; fileRef = 9C63A1D72ADE9FCB0054F61D /* Preview Assets.xcassets */; };
		9C63A1E22ADE9FCB0054F61D /* YodaAITests.swift in Sources */ = {isa = PBXBuildFile; fileRef = 9C63A1E12ADE9FCB0054F61D /* YodaAITests.swift */; };
		9C63A1EC2ADE9FCB0054F61D /* YodaAIUITests.swift in Sources */ = {isa = PBXBuildFile; fileRef = 9C63A1EB2ADE9FCB0054F61D /* YodaAIUITests.swift */; };
		9C63A1EE2ADE9FCB0054F61D /* YodaAIUITestsLaunchTests.swift in Sources */ = {isa = PBXBuildFile; fileRef = 9C63A1ED2ADE9FCB0054F61D /* YodaAIUITestsLaunchTests.swift */; };
		9C63A1FC2ADE9FFB0054F61D /* Prompt.swift in Sources */ = {isa = PBXBuildFile; fileRef = 9C63A1FB2ADE9FFB0054F61D /* Prompt.swift */; };
		9C63A1FF2ADEA2FE0054F61D /* Prompt.swift in Sources */ = {isa = PBXBuildFile; fileRef = 9C63A1FE2ADEA2FE0054F61D /* Prompt.swift */; };
		9C63A2022ADEA3480054F61D /* PromptViewModel.swift in Sources */ = {isa = PBXBuildFile; fileRef = 9C63A2012ADEA3480054F61D /* PromptViewModel.swift */; };
		9C63A2052ADEA4700054F61D /* Color.swift in Sources */ = {isa = PBXBuildFile; fileRef = 9C63A2042ADEA4700054F61D /* Color.swift */; };
/* End PBXBuildFile section */

/* Begin PBXContainerItemProxy section */
		9C63A1DE2ADE9FCB0054F61D /* PBXContainerItemProxy */ = {
			isa = PBXContainerItemProxy;
			containerPortal = 9C63A1C52ADE9FC90054F61D /* Project object */;
			proxyType = 1;
			remoteGlobalIDString = 9C63A1CC2ADE9FC90054F61D;
			remoteInfo = YodaAI;
		};
		9C63A1E82ADE9FCB0054F61D /* PBXContainerItemProxy */ = {
			isa = PBXContainerItemProxy;
			containerPortal = 9C63A1C52ADE9FC90054F61D /* Project object */;
			proxyType = 1;
			remoteGlobalIDString = 9C63A1CC2ADE9FC90054F61D;
			remoteInfo = YodaAI;
		};
/* End PBXContainerItemProxy section */

/* Begin PBXFileReference section */
		9C63A1CD2ADE9FC90054F61D /* YodaAI.app */ = {isa = PBXFileReference; explicitFileType = wrapper.application; includeInIndex = 0; path = YodaAI.app; sourceTree = BUILT_PRODUCTS_DIR; };
		9C63A1D02ADE9FC90054F61D /* YodaAIApp.swift */ = {isa = PBXFileReference; lastKnownFileType = sourcecode.swift; path = YodaAIApp.swift; sourceTree = "<group>"; };
		9C63A1D22ADE9FC90054F61D /* ContentView.swift */ = {isa = PBXFileReference; lastKnownFileType = sourcecode.swift; path = ContentView.swift; sourceTree = "<group>"; };
		9C63A1D42ADE9FCB0054F61D /* Assets.xcassets */ = {isa = PBXFileReference; lastKnownFileType = folder.assetcatalog; path = Assets.xcassets; sourceTree = "<group>"; };
		9C63A1D72ADE9FCB0054F61D /* Preview Assets.xcassets */ = {isa = PBXFileReference; lastKnownFileType = folder.assetcatalog; path = "Preview Assets.xcassets"; sourceTree = "<group>"; };
		9C63A1DD2ADE9FCB0054F61D /* YodaAITests.xctest */ = {isa = PBXFileReference; explicitFileType = wrapper.cfbundle; includeInIndex = 0; path = YodaAITests.xctest; sourceTree = BUILT_PRODUCTS_DIR; };
		9C63A1E12ADE9FCB0054F61D /* YodaAITests.swift */ = {isa = PBXFileReference; lastKnownFileType = sourcecode.swift; path = YodaAITests.swift; sourceTree = "<group>"; };
		9C63A1E72ADE9FCB0054F61D /* YodaAIUITests.xctest */ = {isa = PBXFileReference; explicitFileType = wrapper.cfbundle; includeInIndex = 0; path = YodaAIUITests.xctest; sourceTree = BUILT_PRODUCTS_DIR; };
		9C63A1EB2ADE9FCB0054F61D /* YodaAIUITests.swift */ = {isa = PBXFileReference; lastKnownFileType = sourcecode.swift; path = YodaAIUITests.swift; sourceTree = "<group>"; };
		9C63A1ED2ADE9FCB0054F61D /* YodaAIUITestsLaunchTests.swift */ = {isa = PBXFileReference; lastKnownFileType = sourcecode.swift; path = YodaAIUITestsLaunchTests.swift; sourceTree = "<group>"; };
		9C63A1FB2ADE9FFB0054F61D /* Prompt.swift */ = {isa = PBXFileReference; lastKnownFileType = sourcecode.swift; path = Prompt.swift; sourceTree = "<group>"; };
		9C63A1FE2ADEA2FE0054F61D /* Prompt.swift */ = {isa = PBXFileReference; lastKnownFileType = sourcecode.swift; path = Prompt.swift; sourceTree = "<group>"; };
		9C63A2012ADEA3480054F61D /* PromptViewModel.swift */ = {isa = PBXFileReference; lastKnownFileType = sourcecode.swift; path = PromptViewModel.swift; sourceTree = "<group>"; };
		9C63A2042ADEA4700054F61D /* Color.swift */ = {isa = PBXFileReference; lastKnownFileType = sourcecode.swift; path = Color.swift; sourceTree = "<group>"; };
/* End PBXFileReference section */

/* Begin PBXFrameworksBuildPhase section */
		9C63A1CA2ADE9FC90054F61D /* Frameworks */ = {
			isa = PBXFrameworksBuildPhase;
			buildActionMask = 2147483647;
			files = (
			);
			runOnlyForDeploymentPostprocessing = 0;
		};
		9C63A1DA2ADE9FCB0054F61D /* Frameworks */ = {
			isa = PBXFrameworksBuildPhase;
			buildActionMask = 2147483647;
			files = (
			);
			runOnlyForDeploymentPostprocessing = 0;
		};
		9C63A1E42ADE9FCB0054F61D /* Frameworks */ = {
			isa = PBXFrameworksBuildPhase;
			buildActionMask = 2147483647;
			files = (
			);
			runOnlyForDeploymentPostprocessing = 0;
		};
/* End PBXFrameworksBuildPhase section */

/* Begin PBXGroup section */
		9C63A1C42ADE9FC90054F61D = {
			isa = PBXGroup;
			children = (
				9C63A1CF2ADE9FC90054F61D /* YodaAI */,
				9C63A1E02ADE9FCB0054F61D /* YodaAITests */,
				9C63A1EA2ADE9FCB0054F61D /* YodaAIUITests */,
				9C63A1CE2ADE9FC90054F61D /* Products */,
			);
			sourceTree = "<group>";
		};
		9C63A1CE2ADE9FC90054F61D /* Products */ = {
			isa = PBXGroup;
			children = (
				9C63A1CD2ADE9FC90054F61D /* YodaAI.app */,
				9C63A1DD2ADE9FCB0054F61D /* YodaAITests.xctest */,
				9C63A1E72ADE9FCB0054F61D /* YodaAIUITests.xctest */,
			);
			name = Products;
			sourceTree = "<group>";
		};
		9C63A1CF2ADE9FC90054F61D /* YodaAI */ = {
			isa = PBXGroup;
			children = (
				9C63A2062ADEA4BE0054F61D /* Views */,
				9C63A2032ADEA3AE0054F61D /* Extensions */,
				9C63A2002ADEA3350054F61D /* ViewModels */,
				9C63A1FD2ADEA2D10054F61D /* Services */,
				9C63A1FA2ADE9FEB0054F61D /* Models */,
				9C63A1D02ADE9FC90054F61D /* YodaAIApp.swift */,
				9C63A1D22ADE9FC90054F61D /* ContentView.swift */,
				9C63A1D42ADE9FCB0054F61D /* Assets.xcassets */,
				9C63A1D62ADE9FCB0054F61D /* Preview Content */,
			);
			path = YodaAI;
			sourceTree = "<group>";
		};
		9C63A1D62ADE9FCB0054F61D /* Preview Content */ = {
			isa = PBXGroup;
			children = (
				9C63A1D72ADE9FCB0054F61D /* Preview Assets.xcassets */,
			);
			path = "Preview Content";
			sourceTree = "<group>";
		};
		9C63A1E02ADE9FCB0054F61D /* YodaAITests */ = {
			isa = PBXGroup;
			children = (
				9C63A1E12ADE9FCB0054F61D /* YodaAITests.swift */,
			);
			path = YodaAITests;
			sourceTree = "<group>";
		};
		9C63A1EA2ADE9FCB0054F61D /* YodaAIUITests */ = {
			isa = PBXGroup;
			children = (
				9C63A1EB2ADE9FCB0054F61D /* YodaAIUITests.swift */,
				9C63A1ED2ADE9FCB0054F61D /* YodaAIUITestsLaunchTests.swift */,
			);
			path = YodaAIUITests;
			sourceTree = "<group>";
		};
		9C63A1FA2ADE9FEB0054F61D /* Models */ = {
			isa = PBXGroup;
			children = (
				9C63A1FB2ADE9FFB0054F61D /* Prompt.swift */,
			);
			path = Models;
			sourceTree = "<group>";
		};
		9C63A1FD2ADEA2D10054F61D /* Services */ = {
			isa = PBXGroup;
			children = (
				9C63A1FE2ADEA2FE0054F61D /* Prompt.swift */,
			);
			path = Services;
			sourceTree = "<group>";
		};
		9C63A2002ADEA3350054F61D /* ViewModels */ = {
			isa = PBXGroup;
			children = (
				9C63A2012ADEA3480054F61D /* PromptViewModel.swift */,
			);
			path = ViewModels;
			sourceTree = "<group>";
		};
		9C63A2032ADEA3AE0054F61D /* Extensions */ = {
			isa = PBXGroup;
			children = (
				9C63A2042ADEA4700054F61D /* Color.swift */,
			);
			path = Extensions;
			sourceTree = "<group>";
		};
		9C63A2062ADEA4BE0054F61D /* Views */ = {
			isa = PBXGroup;
			children = (
			);
			path = Views;
			sourceTree = "<group>";
		};
/* End PBXGroup section */

/* Begin PBXNativeTarget section */
		9C63A1CC2ADE9FC90054F61D /* YodaAI */ = {
			isa = PBXNativeTarget;
			buildConfigurationList = 9C63A1F12ADE9FCB0054F61D /* Build configuration list for PBXNativeTarget "YodaAI" */;
			buildPhases = (
				9C63A1C92ADE9FC90054F61D /* Sources */,
				9C63A1CA2ADE9FC90054F61D /* Frameworks */,
				9C63A1CB2ADE9FC90054F61D /* Resources */,
			);
			buildRules = (
			);
			dependencies = (
			);
			name = YodaAI;
			productName = YodaAI;
			productReference = 9C63A1CD2ADE9FC90054F61D /* YodaAI.app */;
			productType = "com.apple.product-type.application";
		};
		9C63A1DC2ADE9FCB0054F61D /* YodaAITests */ = {
			isa = PBXNativeTarget;
			buildConfigurationList = 9C63A1F42ADE9FCB0054F61D /* Build configuration list for PBXNativeTarget "YodaAITests" */;
			buildPhases = (
				9C63A1D92ADE9FCB0054F61D /* Sources */,
				9C63A1DA2ADE9FCB0054F61D /* Frameworks */,
				9C63A1DB2ADE9FCB0054F61D /* Resources */,
			);
			buildRules = (
			);
			dependencies = (
				9C63A1DF2ADE9FCB0054F61D /* PBXTargetDependency */,
			);
			name = YodaAITests;
			productName = YodaAITests;
			productReference = 9C63A1DD2ADE9FCB0054F61D /* YodaAITests.xctest */;
			productType = "com.apple.product-type.bundle.unit-test";
		};
		9C63A1E62ADE9FCB0054F61D /* YodaAIUITests */ = {
			isa = PBXNativeTarget;
			buildConfigurationList = 9C63A1F72ADE9FCB0054F61D /* Build configuration list for PBXNativeTarget "YodaAIUITests" */;
			buildPhases = (
				9C63A1E32ADE9FCB0054F61D /* Sources */,
				9C63A1E42ADE9FCB0054F61D /* Frameworks */,
				9C63A1E52ADE9FCB0054F61D /* Resources */,
			);
			buildRules = (
			);
			dependencies = (
				9C63A1E92ADE9FCB0054F61D /* PBXTargetDependency */,
			);
			name = YodaAIUITests;
			productName = YodaAIUITests;
			productReference = 9C63A1E72ADE9FCB0054F61D /* YodaAIUITests.xctest */;
			productType = "com.apple.product-type.bundle.ui-testing";
		};
/* End PBXNativeTarget section */

/* Begin PBXProject section */
		9C63A1C52ADE9FC90054F61D /* Project object */ = {
			isa = PBXProject;
			attributes = {
				BuildIndependentTargetsInParallel = 1;
				LastSwiftUpdateCheck = 1500;
				LastUpgradeCheck = 1500;
				TargetAttributes = {
					9C63A1CC2ADE9FC90054F61D = {
						CreatedOnToolsVersion = 15.0;
					};
					9C63A1DC2ADE9FCB0054F61D = {
						CreatedOnToolsVersion = 15.0;
						TestTargetID = 9C63A1CC2ADE9FC90054F61D;
					};
					9C63A1E62ADE9FCB0054F61D = {
						CreatedOnToolsVersion = 15.0;
						TestTargetID = 9C63A1CC2ADE9FC90054F61D;
					};
				};
			};
			buildConfigurationList = 9C63A1C82ADE9FC90054F61D /* Build configuration list for PBXProject "YodaAI" */;
			compatibilityVersion = "Xcode 14.0";
			developmentRegion = en;
			hasScannedForEncodings = 0;
			knownRegions = (
				en,
				Base,
			);
			mainGroup = 9C63A1C42ADE9FC90054F61D;
			productRefGroup = 9C63A1CE2ADE9FC90054F61D /* Products */;
			projectDirPath = "";
			projectRoot = "";
			targets = (
				9C63A1CC2ADE9FC90054F61D /* YodaAI */,
				9C63A1DC2ADE9FCB0054F61D /* YodaAITests */,
				9C63A1E62ADE9FCB0054F61D /* YodaAIUITests */,
			);
		};
/* End PBXProject section */

/* Begin PBXResourcesBuildPhase section */
		9C63A1CB2ADE9FC90054F61D /* Resources */ = {
			isa = PBXResourcesBuildPhase;
			buildActionMask = 2147483647;
			files = (
				9C63A1D82ADE9FCB0054F61D /* Preview Assets.xcassets in Resources */,
				9C63A1D52ADE9FCB0054F61D /* Assets.xcassets in Resources */,
			);
			runOnlyForDeploymentPostprocessing = 0;
		};
		9C63A1DB2ADE9FCB0054F61D /* Resources */ = {
			isa = PBXResourcesBuildPhase;
			buildActionMask = 2147483647;
			files = (
			);
			runOnlyForDeploymentPostprocessing = 0;
		};
		9C63A1E52ADE9FCB0054F61D /* Resources */ = {
			isa = PBXResourcesBuildPhase;
			buildActionMask = 2147483647;
			files = (
			);
			runOnlyForDeploymentPostprocessing = 0;
		};
/* End PBXResourcesBuildPhase section */

/* Begin PBXSourcesBuildPhase section */
		9C63A1C92ADE9FC90054F61D /* Sources */ = {
			isa = PBXSourcesBuildPhase;
			buildActionMask = 2147483647;
			files = (
				9C63A1D32ADE9FC90054F61D /* ContentView.swift in Sources */,
				9C63A2022ADEA3480054F61D /* PromptViewModel.swift in Sources */,
				9C63A1FF2ADEA2FE0054F61D /* Prompt.swift in Sources */,
				9C63A1FC2ADE9FFB0054F61D /* Prompt.swift in Sources */,
				9C63A1D12ADE9FC90054F61D /* YodaAIApp.swift in Sources */,
				9C63A2052ADEA4700054F61D /* Color.swift in Sources */,
			);
			runOnlyForDeploymentPostprocessing = 0;
		};
		9C63A1D92ADE9FCB0054F61D /* Sources */ = {
			isa = PBXSourcesBuildPhase;
			buildActionMask = 2147483647;
			files = (
				9C63A1E22ADE9FCB0054F61D /* YodaAITests.swift in Sources */,
			);
			runOnlyForDeploymentPostprocessing = 0;
		};
		9C63A1E32ADE9FCB0054F61D /* Sources */ = {
			isa = PBXSourcesBuildPhase;
			buildActionMask = 2147483647;
			files = (
				9C63A1EC2ADE9FCB0054F61D /* YodaAIUITests.swift in Sources */,
				9C63A1EE2ADE9FCB0054F61D /* YodaAIUITestsLaunchTests.swift in Sources */,
			);
			runOnlyForDeploymentPostprocessing = 0;
		};
/* End PBXSourcesBuildPhase section */

/* Begin PBXTargetDependency section */
		9C63A1DF2ADE9FCB0054F61D /* PBXTargetDependency */ = {
			isa = PBXTargetDependency;
			target = 9C63A1CC2ADE9FC90054F61D /* YodaAI */;
			targetProxy = 9C63A1DE2ADE9FCB0054F61D /* PBXContainerItemProxy */;
		};
		9C63A1E92ADE9FCB0054F61D /* PBXTargetDependency */ = {
			isa = PBXTargetDependency;
			target = 9C63A1CC2ADE9FC90054F61D /* YodaAI */;
			targetProxy = 9C63A1E82ADE9FCB0054F61D /* PBXContainerItemProxy */;
		};
/* End PBXTargetDependency section */

/* Begin XCBuildConfiguration section */
		9C63A1EF2ADE9FCB0054F61D /* Debug */ = {
			isa = XCBuildConfiguration;
			buildSettings = {
				ALWAYS_SEARCH_USER_PATHS = NO;
				ASSETCATALOG_COMPILER_GENERATE_SWIFT_ASSET_SYMBOL_EXTENSIONS = YES;
				CLANG_ANALYZER_NONNULL = YES;
				CLANG_ANALYZER_NUMBER_OBJECT_CONVERSION = YES_AGGRESSIVE;
				CLANG_CXX_LANGUAGE_STANDARD = "gnu++20";
				CLANG_ENABLE_MODULES = YES;
				CLANG_ENABLE_OBJC_ARC = YES;
				CLANG_ENABLE_OBJC_WEAK = YES;
				CLANG_WARN_BLOCK_CAPTURE_AUTORELEASING = YES;
				CLANG_WARN_BOOL_CONVERSION = YES;
				CLANG_WARN_COMMA = YES;
				CLANG_WARN_CONSTANT_CONVERSION = YES;
				CLANG_WARN_DEPRECATED_OBJC_IMPLEMENTATIONS = YES;
				CLANG_WARN_DIRECT_OBJC_ISA_USAGE = YES_ERROR;
				CLANG_WARN_DOCUMENTATION_COMMENTS = YES;
				CLANG_WARN_EMPTY_BODY = YES;
				CLANG_WARN_ENUM_CONVERSION = YES;
				CLANG_WARN_INFINITE_RECURSION = YES;
				CLANG_WARN_INT_CONVERSION = YES;
				CLANG_WARN_NON_LITERAL_NULL_CONVERSION = YES;
				CLANG_WARN_OBJC_IMPLICIT_RETAIN_SELF = YES;
				CLANG_WARN_OBJC_LITERAL_CONVERSION = YES;
				CLANG_WARN_OBJC_ROOT_CLASS = YES_ERROR;
				CLANG_WARN_QUOTED_INCLUDE_IN_FRAMEWORK_HEADER = YES;
				CLANG_WARN_RANGE_LOOP_ANALYSIS = YES;
				CLANG_WARN_STRICT_PROTOTYPES = YES;
				CLANG_WARN_SUSPICIOUS_MOVE = YES;
				CLANG_WARN_UNGUARDED_AVAILABILITY = YES_AGGRESSIVE;
				CLANG_WARN_UNREACHABLE_CODE = YES;
				CLANG_WARN__DUPLICATE_METHOD_MATCH = YES;
				COPY_PHASE_STRIP = NO;
				DEBUG_INFORMATION_FORMAT = dwarf;
				ENABLE_STRICT_OBJC_MSGSEND = YES;
				ENABLE_TESTABILITY = YES;
				ENABLE_USER_SCRIPT_SANDBOXING = YES;
				GCC_C_LANGUAGE_STANDARD = gnu17;
				GCC_DYNAMIC_NO_PIC = NO;
				GCC_NO_COMMON_BLOCKS = YES;
				GCC_OPTIMIZATION_LEVEL = 0;
				GCC_PREPROCESSOR_DEFINITIONS = (
					"DEBUG=1",
					"$(inherited)",
				);
				GCC_WARN_64_TO_32_BIT_CONVERSION = YES;
				GCC_WARN_ABOUT_RETURN_TYPE = YES_ERROR;
				GCC_WARN_UNDECLARED_SELECTOR = YES;
				GCC_WARN_UNINITIALIZED_AUTOS = YES_AGGRESSIVE;
				GCC_WARN_UNUSED_FUNCTION = YES;
				GCC_WARN_UNUSED_VARIABLE = YES;
				IPHONEOS_DEPLOYMENT_TARGET = 17.0;
				LOCALIZATION_PREFERS_STRING_CATALOGS = YES;
				MTL_ENABLE_DEBUG_INFO = INCLUDE_SOURCE;
				MTL_FAST_MATH = YES;
				ONLY_ACTIVE_ARCH = YES;
				SDKROOT = iphoneos;
				SWIFT_ACTIVE_COMPILATION_CONDITIONS = "DEBUG $(inherited)";
				SWIFT_OPTIMIZATION_LEVEL = "-Onone";
			};
			name = Debug;
		};
		9C63A1F02ADE9FCB0054F61D /* Release */ = {
			isa = XCBuildConfiguration;
			buildSettings = {
				ALWAYS_SEARCH_USER_PATHS = NO;
				ASSETCATALOG_COMPILER_GENERATE_SWIFT_ASSET_SYMBOL_EXTENSIONS = YES;
				CLANG_ANALYZER_NONNULL = YES;
				CLANG_ANALYZER_NUMBER_OBJECT_CONVERSION = YES_AGGRESSIVE;
				CLANG_CXX_LANGUAGE_STANDARD = "gnu++20";
				CLANG_ENABLE_MODULES = YES;
				CLANG_ENABLE_OBJC_ARC = YES;
				CLANG_ENABLE_OBJC_WEAK = YES;
				CLANG_WARN_BLOCK_CAPTURE_AUTORELEASING = YES;
				CLANG_WARN_BOOL_CONVERSION = YES;
				CLANG_WARN_COMMA = YES;
				CLANG_WARN_CONSTANT_CONVERSION = YES;
				CLANG_WARN_DEPRECATED_OBJC_IMPLEMENTATIONS = YES;
				CLANG_WARN_DIRECT_OBJC_ISA_USAGE = YES_ERROR;
				CLANG_WARN_DOCUMENTATION_COMMENTS = YES;
				CLANG_WARN_EMPTY_BODY = YES;
				CLANG_WARN_ENUM_CONVERSION = YES;
				CLANG_WARN_INFINITE_RECURSION = YES;
				CLANG_WARN_INT_CONVERSION = YES;
				CLANG_WARN_NON_LITERAL_NULL_CONVERSION = YES;
				CLANG_WARN_OBJC_IMPLICIT_RETAIN_SELF = YES;
				CLANG_WARN_OBJC_LITERAL_CONVERSION = YES;
				CLANG_WARN_OBJC_ROOT_CLASS = YES_ERROR;
				CLANG_WARN_QUOTED_INCLUDE_IN_FRAMEWORK_HEADER = YES;
				CLANG_WARN_RANGE_LOOP_ANALYSIS = YES;
				CLANG_WARN_STRICT_PROTOTYPES = YES;
				CLANG_WARN_SUSPICIOUS_MOVE = YES;
				CLANG_WARN_UNGUARDED_AVAILABILITY = YES_AGGRESSIVE;
				CLANG_WARN_UNREACHABLE_CODE = YES;
				CLANG_WARN__DUPLICATE_METHOD_MATCH = YES;
				COPY_PHASE_STRIP = NO;
				DEBUG_INFORMATION_FORMAT = "dwarf-with-dsym";
				ENABLE_NS_ASSERTIONS = NO;
				ENABLE_STRICT_OBJC_MSGSEND = YES;
				ENABLE_USER_SCRIPT_SANDBOXING = YES;
				GCC_C_LANGUAGE_STANDARD = gnu17;
				GCC_NO_COMMON_BLOCKS = YES;
				GCC_WARN_64_TO_32_BIT_CONVERSION = YES;
				GCC_WARN_ABOUT_RETURN_TYPE = YES_ERROR;
				GCC_WARN_UNDECLARED_SELECTOR = YES;
				GCC_WARN_UNINITIALIZED_AUTOS = YES_AGGRESSIVE;
				GCC_WARN_UNUSED_FUNCTION = YES;
				GCC_WARN_UNUSED_VARIABLE = YES;
				IPHONEOS_DEPLOYMENT_TARGET = 17.0;
				LOCALIZATION_PREFERS_STRING_CATALOGS = YES;
				MTL_ENABLE_DEBUG_INFO = NO;
				MTL_FAST_MATH = YES;
				SDKROOT = iphoneos;
				SWIFT_COMPILATION_MODE = wholemodule;
				VALIDATE_PRODUCT = YES;
			};
			name = Release;
		};
		9C63A1F22ADE9FCB0054F61D /* Debug */ = {
			isa = XCBuildConfiguration;
			buildSettings = {
				ASSETCATALOG_COMPILER_APPICON_NAME = AppIcon;
				ASSETCATALOG_COMPILER_GLOBAL_ACCENT_COLOR_NAME = AccentColor;
				CODE_SIGN_STYLE = Automatic;
				CURRENT_PROJECT_VERSION = 1;
				DEVELOPMENT_ASSET_PATHS = "\"YodaAI/Preview Content\"";
				ENABLE_PREVIEWS = YES;
				GENERATE_INFOPLIST_FILE = YES;
				INFOPLIST_KEY_UIApplicationSceneManifest_Generation = YES;
				INFOPLIST_KEY_UIApplicationSupportsIndirectInputEvents = YES;
				INFOPLIST_KEY_UILaunchScreen_Generation = YES;
				INFOPLIST_KEY_UISupportedInterfaceOrientations_iPad = "UIInterfaceOrientationPortrait UIInterfaceOrientationPortraitUpsideDown UIInterfaceOrientationLandscapeLeft UIInterfaceOrientationLandscapeRight";
				INFOPLIST_KEY_UISupportedInterfaceOrientations_iPhone = "UIInterfaceOrientationPortrait UIInterfaceOrientationLandscapeLeft UIInterfaceOrientationLandscapeRight";
				LD_RUNPATH_SEARCH_PATHS = (
					"$(inherited)",
					"@executable_path/Frameworks",
				);
				MARKETING_VERSION = 1.0;
				PRODUCT_BUNDLE_IDENTIFIER = com.yoda.YodaAI;
				PRODUCT_NAME = "$(TARGET_NAME)";
				SWIFT_EMIT_LOC_STRINGS = YES;
				SWIFT_VERSION = 5.0;
				TARGETED_DEVICE_FAMILY = "1,2";
			};
			name = Debug;
		};
		9C63A1F32ADE9FCB0054F61D /* Release */ = {
			isa = XCBuildConfiguration;
			buildSettings = {
				ASSETCATALOG_COMPILER_APPICON_NAME = AppIcon;
				ASSETCATALOG_COMPILER_GLOBAL_ACCENT_COLOR_NAME = AccentColor;
				CODE_SIGN_STYLE = Automatic;
				CURRENT_PROJECT_VERSION = 1;
				DEVELOPMENT_ASSET_PATHS = "\"YodaAI/Preview Content\"";
				ENABLE_PREVIEWS = YES;
				GENERATE_INFOPLIST_FILE = YES;
				INFOPLIST_KEY_UIApplicationSceneManifest_Generation = YES;
				INFOPLIST_KEY_UIApplicationSupportsIndirectInputEvents = YES;
				INFOPLIST_KEY_UILaunchScreen_Generation = YES;
				INFOPLIST_KEY_UISupportedInterfaceOrientations_iPad = "UIInterfaceOrientationPortrait UIInterfaceOrientationPortraitUpsideDown UIInterfaceOrientationLandscapeLeft UIInterfaceOrientationLandscapeRight";
				INFOPLIST_KEY_UISupportedInterfaceOrientations_iPhone = "UIInterfaceOrientationPortrait UIInterfaceOrientationLandscapeLeft UIInterfaceOrientationLandscapeRight";
				LD_RUNPATH_SEARCH_PATHS = (
					"$(inherited)",
					"@executable_path/Frameworks",
				);
				MARKETING_VERSION = 1.0;
				PRODUCT_BUNDLE_IDENTIFIER = com.yoda.YodaAI;
				PRODUCT_NAME = "$(TARGET_NAME)";
				SWIFT_EMIT_LOC_STRINGS = YES;
				SWIFT_VERSION = 5.0;
				TARGETED_DEVICE_FAMILY = "1,2";
			};
			name = Release;
		};
		9C63A1F52ADE9FCB0054F61D /* Debug */ = {
			isa = XCBuildConfiguration;
			buildSettings = {
				ALWAYS_EMBED_SWIFT_STANDARD_LIBRARIES = YES;
				BUNDLE_LOADER = "$(TEST_HOST)";
				CODE_SIGN_STYLE = Automatic;
				CURRENT_PROJECT_VERSION = 1;
				GENERATE_INFOPLIST_FILE = YES;
				IPHONEOS_DEPLOYMENT_TARGET = 17.0;
				MARKETING_VERSION = 1.0;
				PRODUCT_BUNDLE_IDENTIFIER = com.yoda.YodaAITests;
				PRODUCT_NAME = "$(TARGET_NAME)";
				SWIFT_EMIT_LOC_STRINGS = NO;
				SWIFT_VERSION = 5.0;
				TARGETED_DEVICE_FAMILY = "1,2";
				TEST_HOST = "$(BUILT_PRODUCTS_DIR)/YodaAI.app/$(BUNDLE_EXECUTABLE_FOLDER_PATH)/YodaAI";
			};
			name = Debug;
		};
		9C63A1F62ADE9FCB0054F61D /* Release */ = {
			isa = XCBuildConfiguration;
			buildSettings = {
				ALWAYS_EMBED_SWIFT_STANDARD_LIBRARIES = YES;
				BUNDLE_LOADER = "$(TEST_HOST)";
				CODE_SIGN_STYLE = Automatic;
				CURRENT_PROJECT_VERSION = 1;
				GENERATE_INFOPLIST_FILE = YES;
				IPHONEOS_DEPLOYMENT_TARGET = 17.0;
				MARKETING_VERSION = 1.0;
				PRODUCT_BUNDLE_IDENTIFIER = com.yoda.YodaAITests;
				PRODUCT_NAME = "$(TARGET_NAME)";
				SWIFT_EMIT_LOC_STRINGS = NO;
				SWIFT_VERSION = 5.0;
				TARGETED_DEVICE_FAMILY = "1,2";
				TEST_HOST = "$(BUILT_PRODUCTS_DIR)/YodaAI.app/$(BUNDLE_EXECUTABLE_FOLDER_PATH)/YodaAI";
			};
			name = Release;
		};
		9C63A1F82ADE9FCB0054F61D /* Debug */ = {
			isa = XCBuildConfiguration;
			buildSettings = {
				ALWAYS_EMBED_SWIFT_STANDARD_LIBRARIES = YES;
				CODE_SIGN_STYLE = Automatic;
				CURRENT_PROJECT_VERSION = 1;
				GENERATE_INFOPLIST_FILE = YES;
				MARKETING_VERSION = 1.0;
				PRODUCT_BUNDLE_IDENTIFIER = com.yoda.YodaAIUITests;
				PRODUCT_NAME = "$(TARGET_NAME)";
				SWIFT_EMIT_LOC_STRINGS = NO;
				SWIFT_VERSION = 5.0;
				TARGETED_DEVICE_FAMILY = "1,2";
				TEST_TARGET_NAME = YodaAI;
			};
			name = Debug;
		};
		9C63A1F92ADE9FCB0054F61D /* Release */ = {
			isa = XCBuildConfiguration;
			buildSettings = {
				ALWAYS_EMBED_SWIFT_STANDARD_LIBRARIES = YES;
				CODE_SIGN_STYLE = Automatic;
				CURRENT_PROJECT_VERSION = 1;
				GENERATE_INFOPLIST_FILE = YES;
				MARKETING_VERSION = 1.0;
				PRODUCT_BUNDLE_IDENTIFIER = com.yoda.YodaAIUITests;
				PRODUCT_NAME = "$(TARGET_NAME)";
				SWIFT_EMIT_LOC_STRINGS = NO;
				SWIFT_VERSION = 5.0;
				TARGETED_DEVICE_FAMILY = "1,2";
				TEST_TARGET_NAME = YodaAI;
			};
			name = Release;
		};
/* End XCBuildConfiguration section */

/* Begin XCConfigurationList section */
		9C63A1C82ADE9FC90054F61D /* Build configuration list for PBXProject "YodaAI" */ = {
			isa = XCConfigurationList;
			buildConfigurations = (
				9C63A1EF2ADE9FCB0054F61D /* Debug */,
				9C63A1F02ADE9FCB0054F61D /* Release */,
			);
			defaultConfigurationIsVisible = 0;
			defaultConfigurationName = Release;
		};
		9C63A1F12ADE9FCB0054F61D /* Build configuration list for PBXNativeTarget "YodaAI" */ = {
			isa = XCConfigurationList;
			buildConfigurations = (
				9C63A1F22ADE9FCB0054F61D /* Debug */,
				9C63A1F32ADE9FCB0054F61D /* Release */,
			);
			defaultConfigurationIsVisible = 0;
			defaultConfigurationName = Release;
		};
		9C63A1F42ADE9FCB0054F61D /* Build configuration list for PBXNativeTarget "YodaAITests" */ = {
			isa = XCConfigurationList;
			buildConfigurations = (
				9C63A1F52ADE9FCB0054F61D /* Debug */,
				9C63A1F62ADE9FCB0054F61D /* Release */,
			);
			defaultConfigurationIsVisible = 0;
			defaultConfigurationName = Release;
		};
		9C63A1F72ADE9FCB0054F61D /* Build configuration list for PBXNativeTarget "YodaAIUITests" */ = {
			isa = XCConfigurationList;
			buildConfigurations = (
				9C63A1F82ADE9FCB0054F61D /* Debug */,
				9C63A1F92ADE9FCB0054F61D /* Release */,
			);
			defaultConfigurationIsVisible = 0;
			defaultConfigurationName = Release;
		};
/* End XCConfigurationList section */
	};
	rootObject = 9C63A1C52ADE9FC90054F61D /* Project object */;
}
